
Microsoft Visual Studio Solution File, Format Version 12.00
# Visual Studio Version 17
VisualStudioVersion = 17.10.34916.146
MinimumVisualStudioVersion = 10.0.40219.1
Project("{FAE04EC0-301F-11D3-BF4B-00C04F79EFBC}") = "Fachada2", "Fachada2\Fachada2.csproj", "{6310DD46-8210-40E7-A32C-A3080068C048}"
EndProject
Global
	GlobalSection(SolutionConfigurationPlatforms) = preSolution
		Debug|Any CPU = Debug|Any CPU
		Release|Any CPU = Release|Any CPU
	EndGlobalSection
	GlobalSection(ProjectConfigurationPlatforms) = postSolution
		{6310DD46-8210-40E7-A32C-A3080068C048}.Debug|Any CPU.ActiveCfg = Debug|Any CPU
		{6310DD46-8210-40E7-A32C-A3080068C048}.Debug|Any CPU.Build.0 = Debug|Any CPU
		{6310DD46-8210-40E7-A32C-A3080068C048}.Release|Any CPU.ActiveCfg = Release|Any CPU
		{6310DD46-8210-40E7-A32C-A3080068C048}.Release|Any CPU.Build.0 = Release|Any CPU
	EndGlobalSection
	GlobalSection(SolutionProperties) = preSolution
		HideSolutionNode = FALSE
	EndGlobalSection
	GlobalSection(ExtensibilityGlobals) = postSolution
		SolutionGuid = {87FCF343-A6F5-42FD-B3D4-7E2B1EFCAF15}
	EndGlobalSection
EndGlobal
